
Microsoft Visual Studio Solution File, Format Version 12.00
# Visual Studio Version 16
VisualStudioVersion = 16.0.30717.126
MinimumVisualStudioVersion = 10.0.40219.1
Project("{FAE04EC0-301F-11D3-BF4B-00C04F79EFBC}") = "MQTTClient", "MQTTClient\MQTTClient.csproj", "{0D4F7FE2-832E-4EA6-BD8C-E5C4CC3E7DF6}"
EndProject
Global
	GlobalSection(SolutionConfigurationPlatforms) = preSolution
		Debug|Any CPU = Debug|Any CPU
		Release|Any CPU = Release|Any CPU
	EndGlobalSection
	GlobalSection(ProjectConfigurationPlatforms) = postSolution
		{0D4F7FE2-832E-4EA6-BD8C-E5C4CC3E7DF6}.Debug|Any CPU.ActiveCfg = Debug|Any CPU
		{0D4F7FE2-832E-4EA6-BD8C-E5C4CC3E7DF6}.Debug|Any CPU.Build.0 = Debug|Any CPU
		{0D4F7FE2-832E-4EA6-BD8C-E5C4CC3E7DF6}.Release|Any CPU.ActiveCfg = Release|Any CPU
		{0D4F7FE2-832E-4EA6-BD8C-E5C4CC3E7DF6}.Release|Any CPU.Build.0 = Release|Any CPU
	EndGlobalSection
	GlobalSection(SolutionProperties) = preSolution
		HideSolutionNode = FALSE
	EndGlobalSection
	GlobalSection(ExtensibilityGlobals) = postSolution
		SolutionGuid = {4CAF17AC-7F21-420E-9BEC-A16803573F5D}
	EndGlobalSection
EndGlobal
